
Microsoft Visual Studio Solution File, Format Version 12.00
# Visual Studio Version 17
VisualStudioVersion = 17.14.36109.1 d17.14
MinimumVisualStudioVersion = 10.0.40219.1
Project("{FAE04EC0-301F-11D3-BF4B-00C04F79EFBC}") = "ComparacaoIdade", "ComparacaoIdade\ComparacaoIdade.csproj", "{D50C088F-6BEA-4BB3-9D7E-0936391EE039}"
EndProject
Global
	GlobalSection(SolutionConfigurationPlatforms) = preSolution
		Debug|Any CPU = Debug|Any CPU
		Release|Any CPU = Release|Any CPU
	EndGlobalSection
	GlobalSection(ProjectConfigurationPlatforms) = postSolution
		{D50C088F-6BEA-4BB3-9D7E-0936391EE039}.Debug|Any CPU.ActiveCfg = Debug|Any CPU
		{D50C088F-6BEA-4BB3-9D7E-0936391EE039}.Debug|Any CPU.Build.0 = Debug|Any CPU
		{D50C088F-6BEA-4BB3-9D7E-0936391EE039}.Release|Any CPU.ActiveCfg = Release|Any CPU
		{D50C088F-6BEA-4BB3-9D7E-0936391EE039}.Release|Any CPU.Build.0 = Release|Any CPU
	EndGlobalSection
	GlobalSection(SolutionProperties) = preSolution
		HideSolutionNode = FALSE
	EndGlobalSection
	GlobalSection(ExtensibilityGlobals) = postSolution
		SolutionGuid = {10228233-001F-46A5-AF9C-3A7BBFF51425}
	EndGlobalSection
EndGlobal
